// !$*UTF8*$!
{
	archiveVersion = 1;
	classes = {
	};
	objectVersion = 55;
	objects = {

/* Begin PBXBuildFile section */
		44A19DBC2A1921BA0006523D /* CreateRoomViewController.swift in Sources */ = {isa = PBXBuildFile; fileRef = 44A19DBB2A1921BA0006523D /* CreateRoomViewController.swift */; };
		44D325382A18266500667BA9 /* JoinRoomViewController.swift in Sources */ = {isa = PBXBuildFile; fileRef = 44D325372A18266500667BA9 /* JoinRoomViewController.swift */; };
		44D3253B2A18272000667BA9 /* GameViewController.swift in Sources */ = {isa = PBXBuildFile; fileRef = 44D3253A2A18272000667BA9 /* GameViewController.swift */; };
		44D3253D2A18272E00667BA9 /* SettingsViewController.swift in Sources */ = {isa = PBXBuildFile; fileRef = 44D3253C2A18272E00667BA9 /* SettingsViewController.swift */; };
		44D325402A18324E00667BA9 /* RoomCell.swift in Sources */ = {isa = PBXBuildFile; fileRef = 44D3253F2A18324E00667BA9 /* RoomCell.swift */; };
		44E6C92D2A179BF10016B11C /* AppDelegate.swift in Sources */ = {isa = PBXBuildFile; fileRef = 44E6C92C2A179BF10016B11C /* AppDelegate.swift */; };
		44E6C92F2A179BF10016B11C /* SceneDelegate.swift in Sources */ = {isa = PBXBuildFile; fileRef = 44E6C92E2A179BF10016B11C /* SceneDelegate.swift */; };
		44E6C9312A179BF10016B11C /* RootViewController.swift in Sources */ = {isa = PBXBuildFile; fileRef = 44E6C9302A179BF10016B11C /* RootViewController.swift */; };
		44E6C9362A179C030016B11C /* Assets.xcassets in Resources */ = {isa = PBXBuildFile; fileRef = 44E6C9352A179C030016B11C /* Assets.xcassets */; };
		44E6C9392A179C030016B11C /* LaunchScreen.storyboard in Resources */ = {isa = PBXBuildFile; fileRef = 44E6C9372A179C030016B11C /* LaunchScreen.storyboard */; };
		44E6C9432A179C410016B11C /* LoginViewController.swift in Sources */ = {isa = PBXBuildFile; fileRef = 44E6C9422A179C410016B11C /* LoginViewController.swift */; };
		44E6C9452A179C530016B11C /* RegisterViewController.swift in Sources */ = {isa = PBXBuildFile; fileRef = 44E6C9442A179C530016B11C /* RegisterViewController.swift */; };
		44E6C9472A179C610016B11C /* RegisterResponse.swift in Sources */ = {isa = PBXBuildFile; fileRef = 44E6C9462A179C610016B11C /* RegisterResponse.swift */; };
		44E6C9492A179C7D0016B11C /* Room.swift in Sources */ = {isa = PBXBuildFile; fileRef = 44E6C9482A179C7D0016B11C /* Room.swift */; };
		44E6C94B2A179C8E0016B11C /* Team.swift in Sources */ = {isa = PBXBuildFile; fileRef = 44E6C94A2A179C8E0016B11C /* Team.swift */; };
		44E6C94E2A179D120016B11C /* HttpClient.swift in Sources */ = {isa = PBXBuildFile; fileRef = 44E6C94D2A179D120016B11C /* HttpClient.swift */; };
		44E6C9532A17AABB0016B11C /* Constants.swift in Sources */ = {isa = PBXBuildFile; fileRef = 44E6C9522A17AABB0016B11C /* Constants.swift */; };
		CC3958482A17F259008E4838 /* NetworkService.swift in Sources */ = {isa = PBXBuildFile; fileRef = CC3958472A17F259008E4838 /* NetworkService.swift */; };
		CC39584A2A17F2B8008E4838 /* URLRequestFactory.swift in Sources */ = {isa = PBXBuildFile; fileRef = CC3958492A17F2B8008E4838 /* URLRequestFactory.swift */; };
		CC39584D2A181C57008E4838 /* UserService.swift in Sources */ = {isa = PBXBuildFile; fileRef = CC39584C2A181C57008E4838 /* UserService.swift */; };
		CC90E9A92A190EA5007E06E4 /* LoginResponse.swift in Sources */ = {isa = PBXBuildFile; fileRef = CC90E9A82A190EA5007E06E4 /* LoginResponse.swift */; };
		CC90E9AB2A191517007E06E4 /* RoomService.swift in Sources */ = {isa = PBXBuildFile; fileRef = CC90E9AA2A191517007E06E4 /* RoomService.swift */; };
		CC90E9AF2A191548007E06E4 /* UserServiceProtocol.swift in Sources */ = {isa = PBXBuildFile; fileRef = CC90E9AE2A191548007E06E4 /* UserServiceProtocol.swift */; };
		CC90E9B12A191591007E06E4 /* RoomServiceProtocol.swift in Sources */ = {isa = PBXBuildFile; fileRef = CC90E9B02A191591007E06E4 /* RoomServiceProtocol.swift */; };
		CC90E9B42A1958E8007E06E4 /* TeamService.swift in Sources */ = {isa = PBXBuildFile; fileRef = CC90E9B32A1958E7007E06E4 /* TeamService.swift */; };
		CC90E9B62A195931007E06E4 /* TeamServiceProtocol.swift in Sources */ = {isa = PBXBuildFile; fileRef = CC90E9B52A195931007E06E4 /* TeamServiceProtocol.swift */; };
		CC90E9B92A196BE3007E06E4 /* URLRequestFactoryProtocol.swift in Sources */ = {isa = PBXBuildFile; fileRef = CC90E9B82A196BE3007E06E4 /* URLRequestFactoryProtocol.swift */; };
/* End PBXBuildFile section */

/* Begin PBXFileReference section */
		44A19DBB2A1921BA0006523D /* CreateRoomViewController.swift */ = {isa = PBXFileReference; lastKnownFileType = sourcecode.swift; path = CreateRoomViewController.swift; sourceTree = "<group>"; };
		44D325372A18266500667BA9 /* JoinRoomViewController.swift */ = {isa = PBXFileReference; lastKnownFileType = sourcecode.swift; path = JoinRoomViewController.swift; sourceTree = "<group>"; };
		44D3253A2A18272000667BA9 /* GameViewController.swift */ = {isa = PBXFileReference; lastKnownFileType = sourcecode.swift; path = GameViewController.swift; sourceTree = "<group>"; };
		44D3253C2A18272E00667BA9 /* SettingsViewController.swift */ = {isa = PBXFileReference; lastKnownFileType = sourcecode.swift; path = SettingsViewController.swift; sourceTree = "<group>"; };
		44D3253F2A18324E00667BA9 /* RoomCell.swift */ = {isa = PBXFileReference; lastKnownFileType = sourcecode.swift; path = RoomCell.swift; sourceTree = "<group>"; };
		44E6C9292A179BF10016B11C /* Alias.app */ = {isa = PBXFileReference; explicitFileType = wrapper.application; includeInIndex = 0; path = Alias.app; sourceTree = BUILT_PRODUCTS_DIR; };
		44E6C92C2A179BF10016B11C /* AppDelegate.swift */ = {isa = PBXFileReference; lastKnownFileType = sourcecode.swift; path = AppDelegate.swift; sourceTree = "<group>"; };
		44E6C92E2A179BF10016B11C /* SceneDelegate.swift */ = {isa = PBXFileReference; lastKnownFileType = sourcecode.swift; path = SceneDelegate.swift; sourceTree = "<group>"; };
		44E6C9302A179BF10016B11C /* RootViewController.swift */ = {isa = PBXFileReference; lastKnownFileType = sourcecode.swift; path = RootViewController.swift; sourceTree = "<group>"; };
		44E6C9352A179C030016B11C /* Assets.xcassets */ = {isa = PBXFileReference; lastKnownFileType = folder.assetcatalog; path = Assets.xcassets; sourceTree = "<group>"; };
		44E6C9382A179C030016B11C /* Base */ = {isa = PBXFileReference; lastKnownFileType = file.storyboard; name = Base; path = Base.lproj/LaunchScreen.storyboard; sourceTree = "<group>"; };
		44E6C93A2A179C030016B11C /* Info.plist */ = {isa = PBXFileReference; lastKnownFileType = text.plist.xml; path = Info.plist; sourceTree = "<group>"; };
		44E6C9422A179C410016B11C /* LoginViewController.swift */ = {isa = PBXFileReference; lastKnownFileType = sourcecode.swift; path = LoginViewController.swift; sourceTree = "<group>"; };
		44E6C9442A179C530016B11C /* RegisterViewController.swift */ = {isa = PBXFileReference; lastKnownFileType = sourcecode.swift; path = RegisterViewController.swift; sourceTree = "<group>"; };
		44E6C9462A179C610016B11C /* RegisterResponse.swift */ = {isa = PBXFileReference; lastKnownFileType = sourcecode.swift; path = RegisterResponse.swift; sourceTree = "<group>"; };
		44E6C9482A179C7D0016B11C /* Room.swift */ = {isa = PBXFileReference; lastKnownFileType = sourcecode.swift; path = Room.swift; sourceTree = "<group>"; };
		44E6C94A2A179C8E0016B11C /* Team.swift */ = {isa = PBXFileReference; lastKnownFileType = sourcecode.swift; path = Team.swift; sourceTree = "<group>"; };
		44E6C94D2A179D120016B11C /* HttpClient.swift */ = {isa = PBXFileReference; lastKnownFileType = sourcecode.swift; path = HttpClient.swift; sourceTree = "<group>"; };
		44E6C9522A17AABB0016B11C /* Constants.swift */ = {isa = PBXFileReference; lastKnownFileType = sourcecode.swift; path = Constants.swift; sourceTree = "<group>"; };
		CC3958472A17F259008E4838 /* NetworkService.swift */ = {isa = PBXFileReference; lastKnownFileType = sourcecode.swift; path = NetworkService.swift; sourceTree = "<group>"; };
		CC3958492A17F2B8008E4838 /* URLRequestFactory.swift */ = {isa = PBXFileReference; lastKnownFileType = sourcecode.swift; path = URLRequestFactory.swift; sourceTree = "<group>"; };
		CC39584C2A181C57008E4838 /* UserService.swift */ = {isa = PBXFileReference; lastKnownFileType = sourcecode.swift; path = UserService.swift; sourceTree = "<group>"; };
		CC90E9A82A190EA5007E06E4 /* LoginResponse.swift */ = {isa = PBXFileReference; lastKnownFileType = sourcecode.swift; path = LoginResponse.swift; sourceTree = "<group>"; };
		CC90E9AA2A191517007E06E4 /* RoomService.swift */ = {isa = PBXFileReference; lastKnownFileType = sourcecode.swift; path = RoomService.swift; sourceTree = "<group>"; };
		CC90E9AE2A191548007E06E4 /* UserServiceProtocol.swift */ = {isa = PBXFileReference; lastKnownFileType = sourcecode.swift; path = UserServiceProtocol.swift; sourceTree = "<group>"; };
		CC90E9B02A191591007E06E4 /* RoomServiceProtocol.swift */ = {isa = PBXFileReference; lastKnownFileType = sourcecode.swift; path = RoomServiceProtocol.swift; sourceTree = "<group>"; };
		CC90E9B32A1958E7007E06E4 /* TeamService.swift */ = {isa = PBXFileReference; lastKnownFileType = sourcecode.swift; path = TeamService.swift; sourceTree = "<group>"; };
		CC90E9B52A195931007E06E4 /* TeamServiceProtocol.swift */ = {isa = PBXFileReference; lastKnownFileType = sourcecode.swift; path = TeamServiceProtocol.swift; sourceTree = "<group>"; };
		CC90E9B82A196BE3007E06E4 /* URLRequestFactoryProtocol.swift */ = {isa = PBXFileReference; lastKnownFileType = sourcecode.swift; path = URLRequestFactoryProtocol.swift; sourceTree = "<group>"; };
/* End PBXFileReference section */

/* Begin PBXFrameworksBuildPhase section */
		44E6C9262A179BF10016B11C /* Frameworks */ = {
			isa = PBXFrameworksBuildPhase;
			buildActionMask = 2147483647;
			files = (
			);
			runOnlyForDeploymentPostprocessing = 0;
		};
/* End PBXFrameworksBuildPhase section */

/* Begin PBXGroup section */
		44D325362A18262900667BA9 /* JoinRooms */ = {
			isa = PBXGroup;
			children = (
				44D325372A18266500667BA9 /* JoinRoomViewController.swift */,
				44A19DBB2A1921BA0006523D /* CreateRoomViewController.swift */,
			);
			path = JoinRooms;
			sourceTree = "<group>";
		};
		44D325392A18268800667BA9 /* Game */ = {
			isa = PBXGroup;
			children = (
				44D3253A2A18272000667BA9 /* GameViewController.swift */,
				44D3253C2A18272E00667BA9 /* SettingsViewController.swift */,
			);
			path = Game;
			sourceTree = "<group>";
		};
		44D3253E2A18323500667BA9 /* Cells */ = {
			isa = PBXGroup;
			children = (
				44D3253F2A18324E00667BA9 /* RoomCell.swift */,
			);
			path = Cells;
			sourceTree = "<group>";
		};
		44E6C9202A179BF00016B11C = {
			isa = PBXGroup;
			children = (
				44E6C92B2A179BF10016B11C /* Alias */,
				44E6C92A2A179BF10016B11C /* Products */,
			);
			sourceTree = "<group>";
		};
		44E6C92A2A179BF10016B11C /* Products */ = {
			isa = PBXGroup;
			children = (
				44E6C9292A179BF10016B11C /* Alias.app */,
			);
			name = Products;
			sourceTree = "<group>";
		};
		44E6C92B2A179BF10016B11C /* Alias */ = {
			isa = PBXGroup;
			children = (
				44E6C94F2A17A72E0016B11C /* Core */,
				CC39584B2A181C40008E4838 /* Services */,
				44E6C9502A17A7640016B11C /* Modules */,
				44E6C9402A179C0E0016B11C /* Models */,
				44E6C92C2A179BF10016B11C /* AppDelegate.swift */,
				44E6C92E2A179BF10016B11C /* SceneDelegate.swift */,
				44E6C9302A179BF10016B11C /* RootViewController.swift */,
				44E6C9352A179C030016B11C /* Assets.xcassets */,
				44E6C9372A179C030016B11C /* LaunchScreen.storyboard */,
				44E6C93A2A179C030016B11C /* Info.plist */,
			);
			path = Alias;
			sourceTree = "<group>";
		};
		44E6C9402A179C0E0016B11C /* Models */ = {
			isa = PBXGroup;
			children = (
				CC90E9A72A190E94007E06E4 /* Auth */,
				44E6C9482A179C7D0016B11C /* Room.swift */,
				44E6C94A2A179C8E0016B11C /* Team.swift */,
			);
			path = Models;
			sourceTree = "<group>";
		};
		44E6C94C2A179CF80016B11C /* Network */ = {
			isa = PBXGroup;
			children = (
				CC90E9B72A196BC5007E06E4 /* URLRequestFactory */,
				44E6C94D2A179D120016B11C /* HttpClient.swift */,
				44E6C9522A17AABB0016B11C /* Constants.swift */,
				CC3958472A17F259008E4838 /* NetworkService.swift */,
			);
			path = Network;
			sourceTree = "<group>";
		};
		44E6C94F2A17A72E0016B11C /* Core */ = {
			isa = PBXGroup;
			children = (
				44E6C94C2A179CF80016B11C /* Network */,
			);
			path = Core;
			sourceTree = "<group>";
		};
		44E6C9502A17A7640016B11C /* Modules */ = {
			isa = PBXGroup;
			children = (
				44D3253E2A18323500667BA9 /* Cells */,
				44D325392A18268800667BA9 /* Game */,
				44D325362A18262900667BA9 /* JoinRooms */,
				44E6C9512A17A76C0016B11C /* LoginAndRegister */,
			);
			path = Modules;
			sourceTree = "<group>";
		};
		44E6C9512A17A76C0016B11C /* LoginAndRegister */ = {
			isa = PBXGroup;
			children = (
				44E6C9442A179C530016B11C /* RegisterViewController.swift */,
				44E6C9422A179C410016B11C /* LoginViewController.swift */,
			);
			path = LoginAndRegister;
			sourceTree = "<group>";
		};
		CC39584B2A181C40008E4838 /* Services */ = {
			isa = PBXGroup;
			children = (
				CC90E9B22A1958D9007E06E4 /* TeamService */,
				CC90E9AD2A191536007E06E4 /* RoomService */,
				CC90E9AC2A19152E007E06E4 /* UserService */,
			);
			path = Services;
			sourceTree = "<group>";
		};
		CC90E9A72A190E94007E06E4 /* Auth */ = {
			isa = PBXGroup;
			children = (
				44E6C9462A179C610016B11C /* RegisterResponse.swift */,
				CC90E9A82A190EA5007E06E4 /* LoginResponse.swift */,
			);
			path = Auth;
			sourceTree = "<group>";
		};
		CC90E9AC2A19152E007E06E4 /* UserService */ = {
			isa = PBXGroup;
			children = (
				CC39584C2A181C57008E4838 /* UserService.swift */,
				CC90E9AE2A191548007E06E4 /* UserServiceProtocol.swift */,
			);
			path = UserService;
			sourceTree = "<group>";
		};
		CC90E9AD2A191536007E06E4 /* RoomService */ = {
			isa = PBXGroup;
			children = (
				CC90E9AA2A191517007E06E4 /* RoomService.swift */,
				CC90E9B02A191591007E06E4 /* RoomServiceProtocol.swift */,
			);
			path = RoomService;
			sourceTree = "<group>";
		};
		CC90E9B22A1958D9007E06E4 /* TeamService */ = {
			isa = PBXGroup;
			children = (
				CC90E9B32A1958E7007E06E4 /* TeamService.swift */,
				CC90E9B52A195931007E06E4 /* TeamServiceProtocol.swift */,
			);
			path = TeamService;
			sourceTree = "<group>";
		};
		CC90E9B72A196BC5007E06E4 /* URLRequestFactory */ = {
			isa = PBXGroup;
			children = (
				CC3958492A17F2B8008E4838 /* URLRequestFactory.swift */,
				CC90E9B82A196BE3007E06E4 /* URLRequestFactoryProtocol.swift */,
			);
			path = URLRequestFactory;
			sourceTree = "<group>";
		};
/* End PBXGroup section */

/* Begin PBXNativeTarget section */
		44E6C9282A179BF10016B11C /* Alias */ = {
			isa = PBXNativeTarget;
			buildConfigurationList = 44E6C93D2A179C030016B11C /* Build configuration list for PBXNativeTarget "Alias" */;
			buildPhases = (
				44E6C9252A179BF10016B11C /* Sources */,
				44E6C9262A179BF10016B11C /* Frameworks */,
				44E6C9272A179BF10016B11C /* Resources */,
			);
			buildRules = (
			);
			dependencies = (
			);
			name = Alias;
			productName = Alias;
			productReference = 44E6C9292A179BF10016B11C /* Alias.app */;
			productType = "com.apple.product-type.application";
		};
/* End PBXNativeTarget section */

/* Begin PBXProject section */
		44E6C9212A179BF00016B11C /* Project object */ = {
			isa = PBXProject;
			attributes = {
				BuildIndependentTargetsInParallel = 1;
				LastSwiftUpdateCheck = 1310;
				LastUpgradeCheck = 1310;
				TargetAttributes = {
					44E6C9282A179BF10016B11C = {
						CreatedOnToolsVersion = 13.1;
					};
				};
			};
			buildConfigurationList = 44E6C9242A179BF00016B11C /* Build configuration list for PBXProject "Alias" */;
			compatibilityVersion = "Xcode 13.0";
			developmentRegion = en;
			hasScannedForEncodings = 0;
			knownRegions = (
				en,
				Base,
			);
			mainGroup = 44E6C9202A179BF00016B11C;
			productRefGroup = 44E6C92A2A179BF10016B11C /* Products */;
			projectDirPath = "";
			projectRoot = "";
			targets = (
				44E6C9282A179BF10016B11C /* Alias */,
			);
		};
/* End PBXProject section */

/* Begin PBXResourcesBuildPhase section */
		44E6C9272A179BF10016B11C /* Resources */ = {
			isa = PBXResourcesBuildPhase;
			buildActionMask = 2147483647;
			files = (
				44E6C9392A179C030016B11C /* LaunchScreen.storyboard in Resources */,
				44E6C9362A179C030016B11C /* Assets.xcassets in Resources */,
			);
			runOnlyForDeploymentPostprocessing = 0;
		};
/* End PBXResourcesBuildPhase section */

/* Begin PBXSourcesBuildPhase section */
		44E6C9252A179BF10016B11C /* Sources */ = {
			isa = PBXSourcesBuildPhase;
			buildActionMask = 2147483647;
			files = (
				CC3958482A17F259008E4838 /* NetworkService.swift in Sources */,
				44E6C9432A179C410016B11C /* LoginViewController.swift in Sources */,
				CC90E9A92A190EA5007E06E4 /* LoginResponse.swift in Sources */,
				44E6C9452A179C530016B11C /* RegisterViewController.swift in Sources */,
				44E6C9492A179C7D0016B11C /* Room.swift in Sources */,
				44A19DBC2A1921BA0006523D /* CreateRoomViewController.swift in Sources */,
				CC90E9B62A195931007E06E4 /* TeamServiceProtocol.swift in Sources */,
				44E6C9472A179C610016B11C /* RegisterResponse.swift in Sources */,
				44E6C94B2A179C8E0016B11C /* Team.swift in Sources */,
				CC39584D2A181C57008E4838 /* UserService.swift in Sources */,
				44D3253D2A18272E00667BA9 /* SettingsViewController.swift in Sources */,
				44E6C9532A17AABB0016B11C /* Constants.swift in Sources */,
				CC90E9AF2A191548007E06E4 /* UserServiceProtocol.swift in Sources */,
				44E6C94E2A179D120016B11C /* HttpClient.swift in Sources */,
				44D325402A18324E00667BA9 /* RoomCell.swift in Sources */,
				44E6C9312A179BF10016B11C /* RootViewController.swift in Sources */,
				CC90E9B12A191591007E06E4 /* RoomServiceProtocol.swift in Sources */,
				44D3253B2A18272000667BA9 /* GameViewController.swift in Sources */,
				44E6C92D2A179BF10016B11C /* AppDelegate.swift in Sources */,
				CC39584A2A17F2B8008E4838 /* URLRequestFactory.swift in Sources */,
				CC90E9AB2A191517007E06E4 /* RoomService.swift in Sources */,
				44E6C92F2A179BF10016B11C /* SceneDelegate.swift in Sources */,
				CC90E9B42A1958E8007E06E4 /* TeamService.swift in Sources */,
				44D325382A18266500667BA9 /* JoinRoomViewController.swift in Sources */,
				CC90E9B92A196BE3007E06E4 /* URLRequestFactoryProtocol.swift in Sources */,
			);
			runOnlyForDeploymentPostprocessing = 0;
		};
/* End PBXSourcesBuildPhase section */

/* Begin PBXVariantGroup section */
		44E6C9372A179C030016B11C /* LaunchScreen.storyboard */ = {
			isa = PBXVariantGroup;
			children = (
				44E6C9382A179C030016B11C /* Base */,
			);
			name = LaunchScreen.storyboard;
			sourceTree = "<group>";
		};
/* End PBXVariantGroup section */

/* Begin XCBuildConfiguration section */
		44E6C93B2A179C030016B11C /* Debug */ = {
			isa = XCBuildConfiguration;
			buildSettings = {
				ALWAYS_SEARCH_USER_PATHS = NO;
				CLANG_ANALYZER_NONNULL = YES;
				CLANG_ANALYZER_NUMBER_OBJECT_CONVERSION = YES_AGGRESSIVE;
				CLANG_CXX_LANGUAGE_STANDARD = "gnu++17";
				CLANG_CXX_LIBRARY = "libc++";
				CLANG_ENABLE_MODULES = YES;
				CLANG_ENABLE_OBJC_ARC = YES;
				CLANG_ENABLE_OBJC_WEAK = YES;
				CLANG_WARN_BLOCK_CAPTURE_AUTORELEASING = YES;
				CLANG_WARN_BOOL_CONVERSION = YES;
				CLANG_WARN_COMMA = YES;
				CLANG_WARN_CONSTANT_CONVERSION = YES;
				CLANG_WARN_DEPRECATED_OBJC_IMPLEMENTATIONS = YES;
				CLANG_WARN_DIRECT_OBJC_ISA_USAGE = YES_ERROR;
				CLANG_WARN_DOCUMENTATION_COMMENTS = YES;
				CLANG_WARN_EMPTY_BODY = YES;
				CLANG_WARN_ENUM_CONVERSION = YES;
				CLANG_WARN_INFINITE_RECURSION = YES;
				CLANG_WARN_INT_CONVERSION = YES;
				CLANG_WARN_NON_LITERAL_NULL_CONVERSION = YES;
				CLANG_WARN_OBJC_IMPLICIT_RETAIN_SELF = YES;
				CLANG_WARN_OBJC_LITERAL_CONVERSION = YES;
				CLANG_WARN_OBJC_ROOT_CLASS = YES_ERROR;
				CLANG_WARN_QUOTED_INCLUDE_IN_FRAMEWORK_HEADER = YES;
				CLANG_WARN_RANGE_LOOP_ANALYSIS = YES;
				CLANG_WARN_STRICT_PROTOTYPES = YES;
				CLANG_WARN_SUSPICIOUS_MOVE = YES;
				CLANG_WARN_UNGUARDED_AVAILABILITY = YES_AGGRESSIVE;
				CLANG_WARN_UNREACHABLE_CODE = YES;
				CLANG_WARN__DUPLICATE_METHOD_MATCH = YES;
				COPY_PHASE_STRIP = NO;
				DEBUG_INFORMATION_FORMAT = dwarf;
				ENABLE_STRICT_OBJC_MSGSEND = YES;
				ENABLE_TESTABILITY = YES;
				GCC_C_LANGUAGE_STANDARD = gnu11;
				GCC_DYNAMIC_NO_PIC = NO;
				GCC_NO_COMMON_BLOCKS = YES;
				GCC_OPTIMIZATION_LEVEL = 0;
				GCC_PREPROCESSOR_DEFINITIONS = (
					"DEBUG=1",
					"$(inherited)",
				);
				GCC_WARN_64_TO_32_BIT_CONVERSION = YES;
				GCC_WARN_ABOUT_RETURN_TYPE = YES_ERROR;
				GCC_WARN_UNDECLARED_SELECTOR = YES;
				GCC_WARN_UNINITIALIZED_AUTOS = YES_AGGRESSIVE;
				GCC_WARN_UNUSED_FUNCTION = YES;
				GCC_WARN_UNUSED_VARIABLE = YES;
				IPHONEOS_DEPLOYMENT_TARGET = 15.0;
				MTL_ENABLE_DEBUG_INFO = INCLUDE_SOURCE;
				MTL_FAST_MATH = YES;
				ONLY_ACTIVE_ARCH = YES;
				SDKROOT = iphoneos;
				SWIFT_ACTIVE_COMPILATION_CONDITIONS = DEBUG;
				SWIFT_OPTIMIZATION_LEVEL = "-Onone";
			};
			name = Debug;
		};
		44E6C93C2A179C030016B11C /* Release */ = {
			isa = XCBuildConfiguration;
			buildSettings = {
				ALWAYS_SEARCH_USER_PATHS = NO;
				CLANG_ANALYZER_NONNULL = YES;
				CLANG_ANALYZER_NUMBER_OBJECT_CONVERSION = YES_AGGRESSIVE;
				CLANG_CXX_LANGUAGE_STANDARD = "gnu++17";
				CLANG_CXX_LIBRARY = "libc++";
				CLANG_ENABLE_MODULES = YES;
				CLANG_ENABLE_OBJC_ARC = YES;
				CLANG_ENABLE_OBJC_WEAK = YES;
				CLANG_WARN_BLOCK_CAPTURE_AUTORELEASING = YES;
				CLANG_WARN_BOOL_CONVERSION = YES;
				CLANG_WARN_COMMA = YES;
				CLANG_WARN_CONSTANT_CONVERSION = YES;
				CLANG_WARN_DEPRECATED_OBJC_IMPLEMENTATIONS = YES;
				CLANG_WARN_DIRECT_OBJC_ISA_USAGE = YES_ERROR;
				CLANG_WARN_DOCUMENTATION_COMMENTS = YES;
				CLANG_WARN_EMPTY_BODY = YES;
				CLANG_WARN_ENUM_CONVERSION = YES;
				CLANG_WARN_INFINITE_RECURSION = YES;
				CLANG_WARN_INT_CONVERSION = YES;
				CLANG_WARN_NON_LITERAL_NULL_CONVERSION = YES;
				CLANG_WARN_OBJC_IMPLICIT_RETAIN_SELF = YES;
				CLANG_WARN_OBJC_LITERAL_CONVERSION = YES;
				CLANG_WARN_OBJC_ROOT_CLASS = YES_ERROR;
				CLANG_WARN_QUOTED_INCLUDE_IN_FRAMEWORK_HEADER = YES;
				CLANG_WARN_RANGE_LOOP_ANALYSIS = YES;
				CLANG_WARN_STRICT_PROTOTYPES = YES;
				CLANG_WARN_SUSPICIOUS_MOVE = YES;
				CLANG_WARN_UNGUARDED_AVAILABILITY = YES_AGGRESSIVE;
				CLANG_WARN_UNREACHABLE_CODE = YES;
				CLANG_WARN__DUPLICATE_METHOD_MATCH = YES;
				COPY_PHASE_STRIP = NO;
				DEBUG_INFORMATION_FORMAT = "dwarf-with-dsym";
				ENABLE_NS_ASSERTIONS = NO;
				ENABLE_STRICT_OBJC_MSGSEND = YES;
				GCC_C_LANGUAGE_STANDARD = gnu11;
				GCC_NO_COMMON_BLOCKS = YES;
				GCC_WARN_64_TO_32_BIT_CONVERSION = YES;
				GCC_WARN_ABOUT_RETURN_TYPE = YES_ERROR;
				GCC_WARN_UNDECLARED_SELECTOR = YES;
				GCC_WARN_UNINITIALIZED_AUTOS = YES_AGGRESSIVE;
				GCC_WARN_UNUSED_FUNCTION = YES;
				GCC_WARN_UNUSED_VARIABLE = YES;
				IPHONEOS_DEPLOYMENT_TARGET = 15.0;
				MTL_ENABLE_DEBUG_INFO = NO;
				MTL_FAST_MATH = YES;
				SDKROOT = iphoneos;
				SWIFT_COMPILATION_MODE = wholemodule;
				SWIFT_OPTIMIZATION_LEVEL = "-O";
				VALIDATE_PRODUCT = YES;
			};
			name = Release;
		};
		44E6C93E2A179C030016B11C /* Debug */ = {
			isa = XCBuildConfiguration;
			buildSettings = {
				ASSETCATALOG_COMPILER_APPICON_NAME = AppIcon;
				ASSETCATALOG_COMPILER_GLOBAL_ACCENT_COLOR_NAME = AccentColor;
				CODE_SIGN_STYLE = Automatic;
				CURRENT_PROJECT_VERSION = 1;
				GENERATE_INFOPLIST_FILE = YES;
				INFOPLIST_FILE = Alias/Info.plist;
				INFOPLIST_KEY_UIApplicationSupportsIndirectInputEvents = YES;
				INFOPLIST_KEY_UILaunchStoryboardName = LaunchScreen;
				INFOPLIST_KEY_UISupportedInterfaceOrientations_iPad = "UIInterfaceOrientationPortrait UIInterfaceOrientationPortraitUpsideDown UIInterfaceOrientationLandscapeLeft UIInterfaceOrientationLandscapeRight";
				INFOPLIST_KEY_UISupportedInterfaceOrientations_iPhone = "UIInterfaceOrientationPortrait UIInterfaceOrientationLandscapeLeft UIInterfaceOrientationLandscapeRight";
				LD_RUNPATH_SEARCH_PATHS = (
					"$(inherited)",
					"@executable_path/Frameworks",
				);
				MARKETING_VERSION = 1.0;
				PRODUCT_BUNDLE_IDENTIFIER = hse.Alias;
				PRODUCT_NAME = "$(TARGET_NAME)";
				SWIFT_EMIT_LOC_STRINGS = YES;
				SWIFT_VERSION = 5.0;
				TARGETED_DEVICE_FAMILY = "1,2";
			};
			name = Debug;
		};
		44E6C93F2A179C030016B11C /* Release */ = {
			isa = XCBuildConfiguration;
			buildSettings = {
				ASSETCATALOG_COMPILER_APPICON_NAME = AppIcon;
				ASSETCATALOG_COMPILER_GLOBAL_ACCENT_COLOR_NAME = AccentColor;
				CODE_SIGN_STYLE = Automatic;
				CURRENT_PROJECT_VERSION = 1;
				GENERATE_INFOPLIST_FILE = YES;
				INFOPLIST_FILE = Alias/Info.plist;
				INFOPLIST_KEY_UIApplicationSupportsIndirectInputEvents = YES;
				INFOPLIST_KEY_UILaunchStoryboardName = LaunchScreen;
				INFOPLIST_KEY_UISupportedInterfaceOrientations_iPad = "UIInterfaceOrientationPortrait UIInterfaceOrientationPortraitUpsideDown UIInterfaceOrientationLandscapeLeft UIInterfaceOrientationLandscapeRight";
				INFOPLIST_KEY_UISupportedInterfaceOrientations_iPhone = "UIInterfaceOrientationPortrait UIInterfaceOrientationLandscapeLeft UIInterfaceOrientationLandscapeRight";
				LD_RUNPATH_SEARCH_PATHS = (
					"$(inherited)",
					"@executable_path/Frameworks",
				);
				MARKETING_VERSION = 1.0;
				PRODUCT_BUNDLE_IDENTIFIER = hse.Alias;
				PRODUCT_NAME = "$(TARGET_NAME)";
				SWIFT_EMIT_LOC_STRINGS = YES;
				SWIFT_VERSION = 5.0;
				TARGETED_DEVICE_FAMILY = "1,2";
			};
			name = Release;
		};
/* End XCBuildConfiguration section */

/* Begin XCConfigurationList section */
		44E6C9242A179BF00016B11C /* Build configuration list for PBXProject "Alias" */ = {
			isa = XCConfigurationList;
			buildConfigurations = (
				44E6C93B2A179C030016B11C /* Debug */,
				44E6C93C2A179C030016B11C /* Release */,
			);
			defaultConfigurationIsVisible = 0;
			defaultConfigurationName = Release;
		};
		44E6C93D2A179C030016B11C /* Build configuration list for PBXNativeTarget "Alias" */ = {
			isa = XCConfigurationList;
			buildConfigurations = (
				44E6C93E2A179C030016B11C /* Debug */,
				44E6C93F2A179C030016B11C /* Release */,
			);
			defaultConfigurationIsVisible = 0;
			defaultConfigurationName = Release;
		};
/* End XCConfigurationList section */
	};
	rootObject = 44E6C9212A179BF00016B11C /* Project object */;
}
